
Microsoft Visual Studio Solution File, Format Version 12.00
Project("{FAE04EC0-301F-11D3-BF4B-00C04F79EFBC}") = "Model", "Model\Model.csproj", "{D29B3C69-C7CA-4C2A-923C-966496E4E5C5}"
EndProject
Project("{FAE04EC0-301F-11D3-BF4B-00C04F79EFBC}") = "Components", "Components\Components.csproj", "{8B5E0495-5D61-457F-BAC9-FA6CF8983DB5}"
EndProject
Project("{FAE04EC0-301F-11D3-BF4B-00C04F79EFBC}") = "Tests", "Tests\Tests.csproj", "{F8800C12-3DA5-4588-9DD4-49440CAB0A82}"
EndProject
Global
	GlobalSection(SolutionConfigurationPlatforms) = preSolution
		Debug|Any CPU = Debug|Any CPU
		Release|Any CPU = Release|Any CPU
	EndGlobalSection
	GlobalSection(ProjectConfigurationPlatforms) = postSolution
		{D29B3C69-C7CA-4C2A-923C-966496E4E5C5}.Debug|Any CPU.ActiveCfg = Debug|Any CPU
		{D29B3C69-C7CA-4C2A-923C-966496E4E5C5}.Debug|Any CPU.Build.0 = Debug|Any CPU
		{D29B3C69-C7CA-4C2A-923C-966496E4E5C5}.Release|Any CPU.ActiveCfg = Release|Any CPU
		{D29B3C69-C7CA-4C2A-923C-966496E4E5C5}.Release|Any CPU.Build.0 = Release|Any CPU
		{8B5E0495-5D61-457F-BAC9-FA6CF8983DB5}.Debug|Any CPU.ActiveCfg = Debug|Any CPU
		{8B5E0495-5D61-457F-BAC9-FA6CF8983DB5}.Debug|Any CPU.Build.0 = Debug|Any CPU
		{8B5E0495-5D61-457F-BAC9-FA6CF8983DB5}.Release|Any CPU.ActiveCfg = Release|Any CPU
		{8B5E0495-5D61-457F-BAC9-FA6CF8983DB5}.Release|Any CPU.Build.0 = Release|Any CPU
		{F8800C12-3DA5-4588-9DD4-49440CAB0A82}.Debug|Any CPU.ActiveCfg = Debug|Any CPU
		{F8800C12-3DA5-4588-9DD4-49440CAB0A82}.Debug|Any CPU.Build.0 = Debug|Any CPU
		{F8800C12-3DA5-4588-9DD4-49440CAB0A82}.Release|Any CPU.ActiveCfg = Release|Any CPU
		{F8800C12-3DA5-4588-9DD4-49440CAB0A82}.Release|Any CPU.Build.0 = Release|Any CPU
	EndGlobalSection
EndGlobal
